{
  "originHash" : "c595849440b4021aed4895a249fadaf382e67e51b2e44aacd085af7fbb319bfe",
  "pins" : [
    {
      "identity" : "swiftapiclient",
      "kind" : "remoteSourceControl",
      "location" : "https://github.com/MaxHasADHD/SwiftAPIClient.git",
      "state" : {
        "revision" : "fef97bade1687f9023c7aadf098dfd1159221515",
        "version" : "1.5.1"
      }
    }
  ],
  "version" : 3
}
