{
  "originHash" : "1fb500905cccde9f9ccb773b7b6c9634d186ac088c8fb8bb03f7ecc3651f88df",
  "pins" : [
    {
      "identity" : "swiftapiclient",
      "kind" : "remoteSourceControl",
      "location" : "https://github.com/MaxHasADHD/SwiftAPIClient.git",
      "state" : {
        "revision" : "87047ab5dd562d1d970781e492cff8bd20dba062",
        "version" : "1.4.1"
      }
    }
  ],
  "version" : 3
}
