{
  "originHash" : "df0f539d70377904877bf59f694ac57a3ae2e428fed570b20cd36b9c94d2f0e8",
  "pins" : [
    {
      "identity" : "swiftapiclient",
      "kind" : "remoteSourceControl",
      "location" : "https://github.com/MaxHasADHD/SwiftAPIClient.git",
      "state" : {
        "revision" : "93b109e0f72de3717d7d6e5907894e443b052c3a",
        "version" : "1.3.2"
      }
    }
  ],
  "version" : 3
}
